
Microsoft Visual Studio Solution File, Format Version 11.00
# Visual Studio 2010
Project("{FAE04EC0-301F-11D3-BF4B-00C04F79EFBC}") = "Assembly-CSharp", "Assembly-CSharp.csproj", "{c0ac07e1-00b2-648e-26b5-f5e3a0bca3bc}"
EndProject
Global
	GlobalSection(SolutionConfigurationPlatforms) = preSolution
		Debug|Any CPU = Debug|Any CPU
		Release|Any CPU = Release|Any CPU
	EndGlobalSection
	GlobalSection(ProjectConfigurationPlatforms) = postSolution
		{c0ac07e1-00b2-648e-26b5-f5e3a0bca3bc}.Debug|Any CPU.ActiveCfg = Debug|Any CPU
		{c0ac07e1-00b2-648e-26b5-f5e3a0bca3bc}.Debug|Any CPU.Build.0 = Debug|Any CPU
		{c0ac07e1-00b2-648e-26b5-f5e3a0bca3bc}.Release|Any CPU.ActiveCfg = Release|Any CPU
		{c0ac07e1-00b2-648e-26b5-f5e3a0bca3bc}.Release|Any CPU.Build.0 = Release|Any CPU
	EndGlobalSection
	GlobalSection(SolutionProperties) = preSolution
		HideSolutionNode = FALSE
	EndGlobalSection
EndGlobal
